
Microsoft Visual Studio Solution File, Format Version 12.00
# Visual Studio Version 16
VisualStudioVersion = 16.0.31105.61
MinimumVisualStudioVersion = 10.0.40219.1
Project("{FAE04EC0-301F-11D3-BF4B-00C04F79EFBC}") = "ClientServer", "ClientServer\ClientServer.csproj", "{DDFDB323-B265-41CF-AF3C-BD140B0DF111}"
EndProject
Project("{FAE04EC0-301F-11D3-BF4B-00C04F79EFBC}") = "Client", "Client\Client.csproj", "{273B4978-98BE-48CD-B60F-598C560B709C}"
EndProject
Global
	GlobalSection(SolutionConfigurationPlatforms) = preSolution
		Debug|Any CPU = Debug|Any CPU
		Release|Any CPU = Release|Any CPU
	EndGlobalSection
	GlobalSection(ProjectConfigurationPlatforms) = postSolution
		{DDFDB323-B265-41CF-AF3C-BD140B0DF111}.Debug|Any CPU.ActiveCfg = Debug|Any CPU
		{DDFDB323-B265-41CF-AF3C-BD140B0DF111}.Debug|Any CPU.Build.0 = Debug|Any CPU
		{DDFDB323-B265-41CF-AF3C-BD140B0DF111}.Release|Any CPU.ActiveCfg = Release|Any CPU
		{DDFDB323-B265-41CF-AF3C-BD140B0DF111}.Release|Any CPU.Build.0 = Release|Any CPU
		{273B4978-98BE-48CD-B60F-598C560B709C}.Debug|Any CPU.ActiveCfg = Debug|Any CPU
		{273B4978-98BE-48CD-B60F-598C560B709C}.Debug|Any CPU.Build.0 = Debug|Any CPU
		{273B4978-98BE-48CD-B60F-598C560B709C}.Release|Any CPU.ActiveCfg = Release|Any CPU
		{273B4978-98BE-48CD-B60F-598C560B709C}.Release|Any CPU.Build.0 = Release|Any CPU
	EndGlobalSection
	GlobalSection(SolutionProperties) = preSolution
		HideSolutionNode = FALSE
	EndGlobalSection
	GlobalSection(ExtensibilityGlobals) = postSolution
		SolutionGuid = {6CBE8186-0410-4614-9BF6-D815B98EC7BE}
	EndGlobalSection
EndGlobal
